
Microsoft Visual Studio Solution File, Format Version 12.00
# Visual Studio Version 16
VisualStudioVersion = 16.0.28803.352
MinimumVisualStudioVersion = 10.0.40219.1
Project("{9A19103F-16F7-4668-BE54-9A1E7A4F7556}") = "LatestBlazor", "LatestBlazor.csproj", "{47C908D5-CE85-4B98-86D0-A8DB333978B9}"
EndProject
Global
	GlobalSection(SolutionConfigurationPlatforms) = preSolution
		Debug|Any CPU = Debug|Any CPU
		Release|Any CPU = Release|Any CPU
	EndGlobalSection
	GlobalSection(ProjectConfigurationPlatforms) = postSolution
		{47C908D5-CE85-4B98-86D0-A8DB333978B9}.Debug|Any CPU.ActiveCfg = Debug|Any CPU
		{47C908D5-CE85-4B98-86D0-A8DB333978B9}.Debug|Any CPU.Build.0 = Debug|Any CPU
		{47C908D5-CE85-4B98-86D0-A8DB333978B9}.Release|Any CPU.ActiveCfg = Release|Any CPU
		{47C908D5-CE85-4B98-86D0-A8DB333978B9}.Release|Any CPU.Build.0 = Release|Any CPU
	EndGlobalSection
	GlobalSection(SolutionProperties) = preSolution
		HideSolutionNode = FALSE
	EndGlobalSection
	GlobalSection(ExtensibilityGlobals) = postSolution
		SolutionGuid = {662AB603-5F33-451D-9403-F4F4D78F1F4F}
	EndGlobalSection
EndGlobal
