
Microsoft Visual Studio Solution File, Format Version 12.00
# Visual Studio Version 17
VisualStudioVersion = 17.0.31612.314
MinimumVisualStudioVersion = 10.0.40219.1
Project("{9A19103F-16F7-4668-BE54-9A1E7A4F7556}") = "Radzen.Blazor", "Radzen.Blazor\Radzen.Blazor.csproj", "{30919FA8-6A6A-45A3-9B05-0B65ABF8F70F}"
EndProject
Project("{9A19103F-16F7-4668-BE54-9A1E7A4F7556}") = "RadzenBlazorDemos", "RadzenBlazorDemos\RadzenBlazorDemos.csproj", "{DF9EC444-791A-415A-A3EB-C4B008E5FCB5}"
EndProject
Project("{9A19103F-16F7-4668-BE54-9A1E7A4F7556}") = "RadzenBlazorDemos.Server", "RadzenBlazorDemos.Server\RadzenBlazorDemos.Server.csproj", "{EC869401-304A-45BC-93CA-C1CDFAAA7F7B}"
EndProject
Project("{9A19103F-16F7-4668-BE54-9A1E7A4F7556}") = "RadzenBlazorDemos.Host", "RadzenBlazorDemos.Host\RadzenBlazorDemos.Host.csproj", "{8B163BC8-BB91-464A-ACF9-F2D7AF70D3CA}"
EndProject
Global
	GlobalSection(SolutionConfigurationPlatforms) = preSolution
		Debug|Any CPU = Debug|Any CPU
		Release|Any CPU = Release|Any CPU
	EndGlobalSection
	GlobalSection(ProjectConfigurationPlatforms) = postSolution
		{30919FA8-6A6A-45A3-9B05-0B65ABF8F70F}.Debug|Any CPU.ActiveCfg = Debug|Any CPU
		{30919FA8-6A6A-45A3-9B05-0B65ABF8F70F}.Debug|Any CPU.Build.0 = Debug|Any CPU
		{30919FA8-6A6A-45A3-9B05-0B65ABF8F70F}.Release|Any CPU.ActiveCfg = Release|Any CPU
		{30919FA8-6A6A-45A3-9B05-0B65ABF8F70F}.Release|Any CPU.Build.0 = Release|Any CPU
		{DF9EC444-791A-415A-A3EB-C4B008E5FCB5}.Debug|Any CPU.ActiveCfg = Debug|Any CPU
		{DF9EC444-791A-415A-A3EB-C4B008E5FCB5}.Debug|Any CPU.Build.0 = Debug|Any CPU
		{DF9EC444-791A-415A-A3EB-C4B008E5FCB5}.Release|Any CPU.ActiveCfg = Release|Any CPU
		{DF9EC444-791A-415A-A3EB-C4B008E5FCB5}.Release|Any CPU.Build.0 = Release|Any CPU
		{EC869401-304A-45BC-93CA-C1CDFAAA7F7B}.Debug|Any CPU.ActiveCfg = Debug|Any CPU
		{EC869401-304A-45BC-93CA-C1CDFAAA7F7B}.Debug|Any CPU.Build.0 = Debug|Any CPU
		{EC869401-304A-45BC-93CA-C1CDFAAA7F7B}.Release|Any CPU.ActiveCfg = Release|Any CPU
		{EC869401-304A-45BC-93CA-C1CDFAAA7F7B}.Release|Any CPU.Build.0 = Release|Any CPU
		{8B163BC8-BB91-464A-ACF9-F2D7AF70D3CA}.Debug|Any CPU.ActiveCfg = Debug|Any CPU
		{8B163BC8-BB91-464A-ACF9-F2D7AF70D3CA}.Debug|Any CPU.Build.0 = Debug|Any CPU
		{8B163BC8-BB91-464A-ACF9-F2D7AF70D3CA}.Release|Any CPU.ActiveCfg = Release|Any CPU
		{8B163BC8-BB91-464A-ACF9-F2D7AF70D3CA}.Release|Any CPU.Build.0 = Release|Any CPU
	EndGlobalSection
	GlobalSection(SolutionProperties) = preSolution
		HideSolutionNode = FALSE
	EndGlobalSection
	GlobalSection(ExtensibilityGlobals) = postSolution
		SolutionGuid = {BD0EF65D-06F5-4DBD-BF9F-82CA04E26D8C}
	EndGlobalSection
EndGlobal
