
Microsoft Visual Studio Solution File, Format Version 12.00
# Visual Studio Version 17
VisualStudioVersion = 17.0.31612.314
MinimumVisualStudioVersion = 10.0.40219.1
Project("{9A19103F-16F7-4668-BE54-9A1E7A4F7556}") = "Radzen.Blazor", "Radzen.Blazor\Radzen.Blazor.csproj", "{30919FA8-6A6A-45A3-9B05-0B65ABF8F70F}"
EndProject
Project("{9A19103F-16F7-4668-BE54-9A1E7A4F7556}") = "RadzenBlazorDemos", "RadzenBlazorDemos\RadzenBlazorDemos.csproj", "{DF9EC444-791A-415A-A3EB-C4B008E5FCB5}"
EndProject
Project("{9A19103F-16F7-4668-BE54-9A1E7A4F7556}") = "RadzenBlazorDemos.Server", "RadzenBlazorDemos.Server\RadzenBlazorDemos.Server.csproj", "{EC869401-304A-45BC-93CA-C1CDFAAA7F7B}"
EndProject
Project("{9A19103F-16F7-4668-BE54-9A1E7A4F7556}") = "RadzenBlazorDemos.Host", "RadzenBlazorDemos.Host\RadzenBlazorDemos.Host.csproj", "{8B163BC8-BB91-464A-ACF9-F2D7AF70D3CA}"
EndProject
Project("{9A19103F-16F7-4668-BE54-9A1E7A4F7556}") = "RadzenBlazorDemos.Tools", "RadzenBlazorDemos.Tools\RadzenBlazorDemos.Tools.csproj", "{8726EFA9-554D-41D4-8B99-27744DCC7017}"
EndProject
Project("{FAE04EC0-301F-11D3-BF4B-00C04F79EFBC}") = "Radzen.Blazor.Api", "Radzen.Blazor.Api\Radzen.Blazor.Api.csproj", "{662E424B-3B39-4A80-81CD-9D004AAC4432}"
EndProject
Project("{FAE04EC0-301F-11D3-BF4B-00C04F79EFBC}") = "Radzen.Blazor.Api.Generator", "Radzen.Blazor.Api.Generator\Radzen.Blazor.Api.Generator.csproj", "{D845DAC6-DE5A-45AF-9E31-26D7B2CC4824}"
EndProject
Global
	GlobalSection(SolutionConfigurationPlatforms) = preSolution
		Debug|Any CPU = Debug|Any CPU
		Debug|x64 = Debug|x64
		Debug|x86 = Debug|x86
		Release|Any CPU = Release|Any CPU
		Release|x64 = Release|x64
		Release|x86 = Release|x86
	EndGlobalSection
	GlobalSection(ProjectConfigurationPlatforms) = postSolution
		{30919FA8-6A6A-45A3-9B05-0B65ABF8F70F}.Debug|Any CPU.ActiveCfg = Debug|Any CPU
		{30919FA8-6A6A-45A3-9B05-0B65ABF8F70F}.Debug|Any CPU.Build.0 = Debug|Any CPU
		{30919FA8-6A6A-45A3-9B05-0B65ABF8F70F}.Debug|x64.ActiveCfg = Debug|Any CPU
		{30919FA8-6A6A-45A3-9B05-0B65ABF8F70F}.Debug|x64.Build.0 = Debug|Any CPU
		{30919FA8-6A6A-45A3-9B05-0B65ABF8F70F}.Debug|x86.ActiveCfg = Debug|Any CPU
		{30919FA8-6A6A-45A3-9B05-0B65ABF8F70F}.Debug|x86.Build.0 = Debug|Any CPU
		{30919FA8-6A6A-45A3-9B05-0B65ABF8F70F}.Release|Any CPU.ActiveCfg = Release|Any CPU
		{30919FA8-6A6A-45A3-9B05-0B65ABF8F70F}.Release|Any CPU.Build.0 = Release|Any CPU
		{30919FA8-6A6A-45A3-9B05-0B65ABF8F70F}.Release|x64.ActiveCfg = Release|Any CPU
		{30919FA8-6A6A-45A3-9B05-0B65ABF8F70F}.Release|x64.Build.0 = Release|Any CPU
		{30919FA8-6A6A-45A3-9B05-0B65ABF8F70F}.Release|x86.ActiveCfg = Release|Any CPU
		{30919FA8-6A6A-45A3-9B05-0B65ABF8F70F}.Release|x86.Build.0 = Release|Any CPU
		{DF9EC444-791A-415A-A3EB-C4B008E5FCB5}.Debug|Any CPU.ActiveCfg = Debug|Any CPU
		{DF9EC444-791A-415A-A3EB-C4B008E5FCB5}.Debug|Any CPU.Build.0 = Debug|Any CPU
		{DF9EC444-791A-415A-A3EB-C4B008E5FCB5}.Debug|x64.ActiveCfg = Debug|Any CPU
		{DF9EC444-791A-415A-A3EB-C4B008E5FCB5}.Debug|x64.Build.0 = Debug|Any CPU
		{DF9EC444-791A-415A-A3EB-C4B008E5FCB5}.Debug|x86.ActiveCfg = Debug|Any CPU
		{DF9EC444-791A-415A-A3EB-C4B008E5FCB5}.Debug|x86.Build.0 = Debug|Any CPU
		{DF9EC444-791A-415A-A3EB-C4B008E5FCB5}.Release|Any CPU.ActiveCfg = Release|Any CPU
		{DF9EC444-791A-415A-A3EB-C4B008E5FCB5}.Release|Any CPU.Build.0 = Release|Any CPU
		{DF9EC444-791A-415A-A3EB-C4B008E5FCB5}.Release|x64.ActiveCfg = Release|Any CPU
		{DF9EC444-791A-415A-A3EB-C4B008E5FCB5}.Release|x64.Build.0 = Release|Any CPU
		{DF9EC444-791A-415A-A3EB-C4B008E5FCB5}.Release|x86.ActiveCfg = Release|Any CPU
		{DF9EC444-791A-415A-A3EB-C4B008E5FCB5}.Release|x86.Build.0 = Release|Any CPU
		{EC869401-304A-45BC-93CA-C1CDFAAA7F7B}.Debug|Any CPU.ActiveCfg = Debug|Any CPU
		{EC869401-304A-45BC-93CA-C1CDFAAA7F7B}.Debug|Any CPU.Build.0 = Debug|Any CPU
		{EC869401-304A-45BC-93CA-C1CDFAAA7F7B}.Debug|x64.ActiveCfg = Debug|Any CPU
		{EC869401-304A-45BC-93CA-C1CDFAAA7F7B}.Debug|x64.Build.0 = Debug|Any CPU
		{EC869401-304A-45BC-93CA-C1CDFAAA7F7B}.Debug|x86.ActiveCfg = Debug|Any CPU
		{EC869401-304A-45BC-93CA-C1CDFAAA7F7B}.Debug|x86.Build.0 = Debug|Any CPU
		{EC869401-304A-45BC-93CA-C1CDFAAA7F7B}.Release|Any CPU.ActiveCfg = Release|Any CPU
		{EC869401-304A-45BC-93CA-C1CDFAAA7F7B}.Release|Any CPU.Build.0 = Release|Any CPU
		{EC869401-304A-45BC-93CA-C1CDFAAA7F7B}.Release|x64.ActiveCfg = Release|Any CPU
		{EC869401-304A-45BC-93CA-C1CDFAAA7F7B}.Release|x64.Build.0 = Release|Any CPU
		{EC869401-304A-45BC-93CA-C1CDFAAA7F7B}.Release|x86.ActiveCfg = Release|Any CPU
		{EC869401-304A-45BC-93CA-C1CDFAAA7F7B}.Release|x86.Build.0 = Release|Any CPU
		{8B163BC8-BB91-464A-ACF9-F2D7AF70D3CA}.Debug|Any CPU.ActiveCfg = Debug|Any CPU
		{8B163BC8-BB91-464A-ACF9-F2D7AF70D3CA}.Debug|Any CPU.Build.0 = Debug|Any CPU
		{8B163BC8-BB91-464A-ACF9-F2D7AF70D3CA}.Debug|x64.ActiveCfg = Debug|Any CPU
		{8B163BC8-BB91-464A-ACF9-F2D7AF70D3CA}.Debug|x64.Build.0 = Debug|Any CPU
		{8B163BC8-BB91-464A-ACF9-F2D7AF70D3CA}.Debug|x86.ActiveCfg = Debug|Any CPU
		{8B163BC8-BB91-464A-ACF9-F2D7AF70D3CA}.Debug|x86.Build.0 = Debug|Any CPU
		{8B163BC8-BB91-464A-ACF9-F2D7AF70D3CA}.Release|Any CPU.ActiveCfg = Release|Any CPU
		{8B163BC8-BB91-464A-ACF9-F2D7AF70D3CA}.Release|Any CPU.Build.0 = Release|Any CPU
		{8B163BC8-BB91-464A-ACF9-F2D7AF70D3CA}.Release|x64.ActiveCfg = Release|Any CPU
		{8B163BC8-BB91-464A-ACF9-F2D7AF70D3CA}.Release|x64.Build.0 = Release|Any CPU
		{8B163BC8-BB91-464A-ACF9-F2D7AF70D3CA}.Release|x86.ActiveCfg = Release|Any CPU
		{8B163BC8-BB91-464A-ACF9-F2D7AF70D3CA}.Release|x86.Build.0 = Release|Any CPU
		{8726EFA9-554D-41D4-8B99-27744DCC7017}.Debug|Any CPU.ActiveCfg = Debug|Any CPU
		{8726EFA9-554D-41D4-8B99-27744DCC7017}.Debug|Any CPU.Build.0 = Debug|Any CPU
		{8726EFA9-554D-41D4-8B99-27744DCC7017}.Debug|x64.ActiveCfg = Debug|Any CPU
		{8726EFA9-554D-41D4-8B99-27744DCC7017}.Debug|x64.Build.0 = Debug|Any CPU
		{8726EFA9-554D-41D4-8B99-27744DCC7017}.Debug|x86.ActiveCfg = Debug|Any CPU
		{8726EFA9-554D-41D4-8B99-27744DCC7017}.Debug|x86.Build.0 = Debug|Any CPU
		{8726EFA9-554D-41D4-8B99-27744DCC7017}.Release|Any CPU.ActiveCfg = Release|Any CPU
		{8726EFA9-554D-41D4-8B99-27744DCC7017}.Release|Any CPU.Build.0 = Release|Any CPU
		{8726EFA9-554D-41D4-8B99-27744DCC7017}.Release|x64.ActiveCfg = Release|Any CPU
		{8726EFA9-554D-41D4-8B99-27744DCC7017}.Release|x64.Build.0 = Release|Any CPU
		{8726EFA9-554D-41D4-8B99-27744DCC7017}.Release|x86.ActiveCfg = Release|Any CPU
		{8726EFA9-554D-41D4-8B99-27744DCC7017}.Release|x86.Build.0 = Release|Any CPU
		{662E424B-3B39-4A80-81CD-9D004AAC4432}.Debug|Any CPU.ActiveCfg = Debug|Any CPU
		{662E424B-3B39-4A80-81CD-9D004AAC4432}.Debug|Any CPU.Build.0 = Debug|Any CPU
		{662E424B-3B39-4A80-81CD-9D004AAC4432}.Debug|x64.ActiveCfg = Debug|Any CPU
		{662E424B-3B39-4A80-81CD-9D004AAC4432}.Debug|x64.Build.0 = Debug|Any CPU
		{662E424B-3B39-4A80-81CD-9D004AAC4432}.Debug|x86.ActiveCfg = Debug|Any CPU
		{662E424B-3B39-4A80-81CD-9D004AAC4432}.Debug|x86.Build.0 = Debug|Any CPU
		{662E424B-3B39-4A80-81CD-9D004AAC4432}.Release|Any CPU.ActiveCfg = Release|Any CPU
		{662E424B-3B39-4A80-81CD-9D004AAC4432}.Release|Any CPU.Build.0 = Release|Any CPU
		{662E424B-3B39-4A80-81CD-9D004AAC4432}.Release|x64.ActiveCfg = Release|Any CPU
		{662E424B-3B39-4A80-81CD-9D004AAC4432}.Release|x64.Build.0 = Release|Any CPU
		{662E424B-3B39-4A80-81CD-9D004AAC4432}.Release|x86.ActiveCfg = Release|Any CPU
		{662E424B-3B39-4A80-81CD-9D004AAC4432}.Release|x86.Build.0 = Release|Any CPU
		{D845DAC6-DE5A-45AF-9E31-26D7B2CC4824}.Debug|Any CPU.ActiveCfg = Debug|Any CPU
		{D845DAC6-DE5A-45AF-9E31-26D7B2CC4824}.Debug|Any CPU.Build.0 = Debug|Any CPU
		{D845DAC6-DE5A-45AF-9E31-26D7B2CC4824}.Debug|x64.ActiveCfg = Debug|Any CPU
		{D845DAC6-DE5A-45AF-9E31-26D7B2CC4824}.Debug|x64.Build.0 = Debug|Any CPU
		{D845DAC6-DE5A-45AF-9E31-26D7B2CC4824}.Debug|x86.ActiveCfg = Debug|Any CPU
		{D845DAC6-DE5A-45AF-9E31-26D7B2CC4824}.Debug|x86.Build.0 = Debug|Any CPU
		{D845DAC6-DE5A-45AF-9E31-26D7B2CC4824}.Release|Any CPU.ActiveCfg = Release|Any CPU
		{D845DAC6-DE5A-45AF-9E31-26D7B2CC4824}.Release|Any CPU.Build.0 = Release|Any CPU
		{D845DAC6-DE5A-45AF-9E31-26D7B2CC4824}.Release|x64.ActiveCfg = Release|Any CPU
		{D845DAC6-DE5A-45AF-9E31-26D7B2CC4824}.Release|x64.Build.0 = Release|Any CPU
		{D845DAC6-DE5A-45AF-9E31-26D7B2CC4824}.Release|x86.ActiveCfg = Release|Any CPU
		{D845DAC6-DE5A-45AF-9E31-26D7B2CC4824}.Release|x86.Build.0 = Release|Any CPU
	EndGlobalSection
	GlobalSection(SolutionProperties) = preSolution
		HideSolutionNode = FALSE
	EndGlobalSection
	GlobalSection(ExtensibilityGlobals) = postSolution
		SolutionGuid = {BD0EF65D-06F5-4DBD-BF9F-82CA04E26D8C}
	EndGlobalSection
EndGlobal
