
Microsoft Visual Studio Solution File, Format Version 12.00
# Visual Studio Version 16
VisualStudioVersion = 16.0.28516.95
MinimumVisualStudioVersion = 10.0.40219.1
Project("{9A19103F-16F7-4668-BE54-9A1E7A4F7556}") = "WebApplication1.Server", "WebApplication1\WebApplication1.Server\WebApplication1.Server.csproj", "{EDA8FBFB-5201-4EE9-8150-0FB78DA6C6AD}"
EndProject
Project("{9A19103F-16F7-4668-BE54-9A1E7A4F7556}") = "WebApplication1.App", "WebApplication1\WebApplication1.App\WebApplication1.App.csproj", "{05EB9233-AB4E-417A-8F4E-0A702E93CFCC}"
EndProject
Project("{9A19103F-16F7-4668-BE54-9A1E7A4F7556}") = "Radzen.Blazor", "..\radzen-blazor\Radzen.Blazor\Radzen.Blazor.csproj", "{1E647AE0-5273-4556-8AF8-5F178AD88E11}"
EndProject
Global
	GlobalSection(SolutionConfigurationPlatforms) = preSolution
		Debug|Any CPU = Debug|Any CPU
		Release|Any CPU = Release|Any CPU
	EndGlobalSection
	GlobalSection(ProjectConfigurationPlatforms) = postSolution
		{EDA8FBFB-5201-4EE9-8150-0FB78DA6C6AD}.Debug|Any CPU.ActiveCfg = Debug|Any CPU
		{EDA8FBFB-5201-4EE9-8150-0FB78DA6C6AD}.Debug|Any CPU.Build.0 = Debug|Any CPU
		{EDA8FBFB-5201-4EE9-8150-0FB78DA6C6AD}.Release|Any CPU.ActiveCfg = Release|Any CPU
		{EDA8FBFB-5201-4EE9-8150-0FB78DA6C6AD}.Release|Any CPU.Build.0 = Release|Any CPU
		{05EB9233-AB4E-417A-8F4E-0A702E93CFCC}.Debug|Any CPU.ActiveCfg = Debug|Any CPU
		{05EB9233-AB4E-417A-8F4E-0A702E93CFCC}.Debug|Any CPU.Build.0 = Debug|Any CPU
		{05EB9233-AB4E-417A-8F4E-0A702E93CFCC}.Release|Any CPU.ActiveCfg = Release|Any CPU
		{05EB9233-AB4E-417A-8F4E-0A702E93CFCC}.Release|Any CPU.Build.0 = Release|Any CPU
		{1E647AE0-5273-4556-8AF8-5F178AD88E11}.Debug|Any CPU.ActiveCfg = Debug|Any CPU
		{1E647AE0-5273-4556-8AF8-5F178AD88E11}.Debug|Any CPU.Build.0 = Debug|Any CPU
		{1E647AE0-5273-4556-8AF8-5F178AD88E11}.Release|Any CPU.ActiveCfg = Release|Any CPU
		{1E647AE0-5273-4556-8AF8-5F178AD88E11}.Release|Any CPU.Build.0 = Release|Any CPU
	EndGlobalSection
	GlobalSection(SolutionProperties) = preSolution
		HideSolutionNode = FALSE
	EndGlobalSection
	GlobalSection(ExtensibilityGlobals) = postSolution
		SolutionGuid = {A333C934-D12A-4748-838B-BF66C101088F}
	EndGlobalSection
EndGlobal
